
Microsoft Visual Studio Solution File, Format Version 12.00
# Visual Studio Version 17
VisualStudioVersion = 17.14.36414.22 d17.14
MinimumVisualStudioVersion = 10.0.40219.1
Project("{F184B08F-C81C-45F6-A57F-5ABD9991F28F}") = "Connect 4 Mini Project", "Connect 4 Mini Project\Connect 4 Mini Project.vbproj", "{18291115-5A9D-4079-8935-9F94FE42C402}"
EndProject
Global
	GlobalSection(SolutionConfigurationPlatforms) = preSolution
		Debug|Any CPU = Debug|Any CPU
		Release|Any CPU = Release|Any CPU
	EndGlobalSection
	GlobalSection(ProjectConfigurationPlatforms) = postSolution
		{18291115-5A9D-4079-8935-9F94FE42C402}.Debug|Any CPU.ActiveCfg = Debug|Any CPU
		{18291115-5A9D-4079-8935-9F94FE42C402}.Debug|Any CPU.Build.0 = Debug|Any CPU
		{18291115-5A9D-4079-8935-9F94FE42C402}.Release|Any CPU.ActiveCfg = Release|Any CPU
		{18291115-5A9D-4079-8935-9F94FE42C402}.Release|Any CPU.Build.0 = Release|Any CPU
	EndGlobalSection
	GlobalSection(SolutionProperties) = preSolution
		HideSolutionNode = FALSE
	EndGlobalSection
	GlobalSection(ExtensibilityGlobals) = postSolution
		SolutionGuid = {B717F026-F169-49EB-8EE6-4BDB2233170E}
	EndGlobalSection
EndGlobal
